// !$*UTF8*$!
{
	archiveVersion = 1;
	classes = {
	};
	objectVersion = 50;
	objects = {

/* Begin PBXBuildFile section */
		FFA73E4224F42BE7001B9545 /* AppDelegate.swift in Sources */ = {isa = PBXBuildFile; fileRef = FFA73E4124F42BE7001B9545 /* AppDelegate.swift */; };
		FFA73E4424F42BE7001B9545 /* SceneDelegate.swift in Sources */ = {isa = PBXBuildFile; fileRef = FFA73E4324F42BE7001B9545 /* SceneDelegate.swift */; };
		FFA73E4624F42BE7001B9545 /* ViewController.swift in Sources */ = {isa = PBXBuildFile; fileRef = FFA73E4524F42BE7001B9545 /* ViewController.swift */; };
		FFA73E4924F42BE7001B9545 /* Main.storyboard in Resources */ = {isa = PBXBuildFile; fileRef = FFA73E4724F42BE7001B9545 /* Main.storyboard */; };
		FFA73E4B24F42BE8001B9545 /* Assets.xcassets in Resources */ = {isa = PBXBuildFile; fileRef = FFA73E4A24F42BE8001B9545 /* Assets.xcassets */; };
		FFA73E4E24F42BE8001B9545 /* LaunchScreen.storyboard in Resources */ = {isa = PBXBuildFile; fileRef = FFA73E4C24F42BE8001B9545 /* LaunchScreen.storyboard */; };
		FFA73E5924F42BE9001B9545 /* Bareksa_TestTests.swift in Sources */ = {isa = PBXBuildFile; fileRef = FFA73E5824F42BE9001B9545 /* Bareksa_TestTests.swift */; };
		FFA73E6424F42BE9001B9545 /* Bareksa_TestUITests.swift in Sources */ = {isa = PBXBuildFile; fileRef = FFA73E6324F42BE9001B9545 /* Bareksa_TestUITests.swift */; };
/* End PBXBuildFile section */

/* Begin PBXContainerItemProxy section */
		FFA73E5524F42BE9001B9545 /* PBXContainerItemProxy */ = {
			isa = PBXContainerItemProxy;
			containerPortal = FFA73E3624F42BE7001B9545 /* Project object */;
			proxyType = 1;
			remoteGlobalIDString = FFA73E3D24F42BE7001B9545;
			remoteInfo = "Bareksa Test";
		};
		FFA73E6024F42BE9001B9545 /* PBXContainerItemProxy */ = {
			isa = PBXContainerItemProxy;
			containerPortal = FFA73E3624F42BE7001B9545 /* Project object */;
			proxyType = 1;
			remoteGlobalIDString = FFA73E3D24F42BE7001B9545;
			remoteInfo = "Bareksa Test";
		};
/* End PBXContainerItemProxy section */

/* Begin PBXFileReference section */
		FFA73E3E24F42BE7001B9545 /* Bareksa Test.app */ = {isa = PBXFileReference; explicitFileType = wrapper.application; includeInIndex = 0; path = "Bareksa Test.app"; sourceTree = BUILT_PRODUCTS_DIR; };
		FFA73E4124F42BE7001B9545 /* AppDelegate.swift */ = {isa = PBXFileReference; lastKnownFileType = sourcecode.swift; path = AppDelegate.swift; sourceTree = "<group>"; };
		FFA73E4324F42BE7001B9545 /* SceneDelegate.swift */ = {isa = PBXFileReference; lastKnownFileType = sourcecode.swift; path = SceneDelegate.swift; sourceTree = "<group>"; };
		FFA73E4524F42BE7001B9545 /* ViewController.swift */ = {isa = PBXFileReference; lastKnownFileType = sourcecode.swift; path = ViewController.swift; sourceTree = "<group>"; };
		FFA73E4824F42BE7001B9545 /* Base */ = {isa = PBXFileReference; lastKnownFileType = file.storyboard; name = Base; path = Base.lproj/Main.storyboard; sourceTree = "<group>"; };
		FFA73E4A24F42BE8001B9545 /* Assets.xcassets */ = {isa = PBXFileReference; lastKnownFileType = folder.assetcatalog; path = Assets.xcassets; sourceTree = "<group>"; };
		FFA73E4D24F42BE8001B9545 /* Base */ = {isa = PBXFileReference; lastKnownFileType = file.storyboard; name = Base; path = Base.lproj/LaunchScreen.storyboard; sourceTree = "<group>"; };
		FFA73E4F24F42BE8001B9545 /* Info.plist */ = {isa = PBXFileReference; lastKnownFileType = text.plist.xml; path = Info.plist; sourceTree = "<group>"; };
		FFA73E5424F42BE9001B9545 /* Bareksa TestTests.xctest */ = {isa = PBXFileReference; explicitFileType = wrapper.cfbundle; includeInIndex = 0; path = "Bareksa TestTests.xctest"; sourceTree = BUILT_PRODUCTS_DIR; };
		FFA73E5824F42BE9001B9545 /* Bareksa_TestTests.swift */ = {isa = PBXFileReference; lastKnownFileType = sourcecode.swift; path = Bareksa_TestTests.swift; sourceTree = "<group>"; };
		FFA73E5A24F42BE9001B9545 /* Info.plist */ = {isa = PBXFileReference; lastKnownFileType = text.plist.xml; path = Info.plist; sourceTree = "<group>"; };
		FFA73E5F24F42BE9001B9545 /* Bareksa TestUITests.xctest */ = {isa = PBXFileReference; explicitFileType = wrapper.cfbundle; includeInIndex = 0; path = "Bareksa TestUITests.xctest"; sourceTree = BUILT_PRODUCTS_DIR; };
		FFA73E6324F42BE9001B9545 /* Bareksa_TestUITests.swift */ = {isa = PBXFileReference; lastKnownFileType = sourcecode.swift; path = Bareksa_TestUITests.swift; sourceTree = "<group>"; };
		FFA73E6524F42BE9001B9545 /* Info.plist */ = {isa = PBXFileReference; lastKnownFileType = text.plist.xml; path = Info.plist; sourceTree = "<group>"; };
/* End PBXFileReference section */

/* Begin PBXFrameworksBuildPhase section */
		FFA73E3B24F42BE7001B9545 /* Frameworks */ = {
			isa = PBXFrameworksBuildPhase;
			buildActionMask = 2147483647;
			files = (
			);
			runOnlyForDeploymentPostprocessing = 0;
		};
		FFA73E5124F42BE9001B9545 /* Frameworks */ = {
			isa = PBXFrameworksBuildPhase;
			buildActionMask = 2147483647;
			files = (
			);
			runOnlyForDeploymentPostprocessing = 0;
		};
		FFA73E5C24F42BE9001B9545 /* Frameworks */ = {
			isa = PBXFrameworksBuildPhase;
			buildActionMask = 2147483647;
			files = (
			);
			runOnlyForDeploymentPostprocessing = 0;
		};
/* End PBXFrameworksBuildPhase section */

/* Begin PBXGroup section */
		FFA73E3524F42BE7001B9545 = {
			isa = PBXGroup;
			children = (
				FFA73E4024F42BE7001B9545 /* Bareksa Test */,
				FFA73E5724F42BE9001B9545 /* Bareksa TestTests */,
				FFA73E6224F42BE9001B9545 /* Bareksa TestUITests */,
				FFA73E3F24F42BE7001B9545 /* Products */,
			);
			sourceTree = "<group>";
		};
		FFA73E3F24F42BE7001B9545 /* Products */ = {
			isa = PBXGroup;
			children = (
				FFA73E3E24F42BE7001B9545 /* Bareksa Test.app */,
				FFA73E5424F42BE9001B9545 /* Bareksa TestTests.xctest */,
				FFA73E5F24F42BE9001B9545 /* Bareksa TestUITests.xctest */,
			);
			name = Products;
			sourceTree = "<group>";
		};
		FFA73E4024F42BE7001B9545 /* Bareksa Test */ = {
			isa = PBXGroup;
			children = (
				FFA73E4124F42BE7001B9545 /* AppDelegate.swift */,
				FFA73E4324F42BE7001B9545 /* SceneDelegate.swift */,
				FFA73E4524F42BE7001B9545 /* ViewController.swift */,
				FFA73E4724F42BE7001B9545 /* Main.storyboard */,
				FFA73E4A24F42BE8001B9545 /* Assets.xcassets */,
				FFA73E4C24F42BE8001B9545 /* LaunchScreen.storyboard */,
				FFA73E4F24F42BE8001B9545 /* Info.plist */,
			);
			path = "Bareksa Test";
			sourceTree = "<group>";
		};
		FFA73E5724F42BE9001B9545 /* Bareksa TestTests */ = {
			isa = PBXGroup;
			children = (
				FFA73E5824F42BE9001B9545 /* Bareksa_TestTests.swift */,
				FFA73E5A24F42BE9001B9545 /* Info.plist */,
			);
			path = "Bareksa TestTests";
			sourceTree = "<group>";
		};
		FFA73E6224F42BE9001B9545 /* Bareksa TestUITests */ = {
			isa = PBXGroup;
			children = (
				FFA73E6324F42BE9001B9545 /* Bareksa_TestUITests.swift */,
				FFA73E6524F42BE9001B9545 /* Info.plist */,
			);
			path = "Bareksa TestUITests";
			sourceTree = "<group>";
		};
/* End PBXGroup section */

/* Begin PBXNativeTarget section */
		FFA73E3D24F42BE7001B9545 /* Bareksa Test */ = {
			isa = PBXNativeTarget;
			buildConfigurationList = FFA73E6824F42BE9001B9545 /* Build configuration list for PBXNativeTarget "Bareksa Test" */;
			buildPhases = (
				FFA73E3A24F42BE7001B9545 /* Sources */,
				FFA73E3B24F42BE7001B9545 /* Frameworks */,
				FFA73E3C24F42BE7001B9545 /* Resources */,
			);
			buildRules = (
			);
			dependencies = (
			);
			name = "Bareksa Test";
			productName = "Bareksa Test";
			productReference = FFA73E3E24F42BE7001B9545 /* Bareksa Test.app */;
			productType = "com.apple.product-type.application";
		};
		FFA73E5324F42BE9001B9545 /* Bareksa TestTests */ = {
			isa = PBXNativeTarget;
			buildConfigurationList = FFA73E6B24F42BE9001B9545 /* Build configuration list for PBXNativeTarget "Bareksa TestTests" */;
			buildPhases = (
				FFA73E5024F42BE9001B9545 /* Sources */,
				FFA73E5124F42BE9001B9545 /* Frameworks */,
				FFA73E5224F42BE9001B9545 /* Resources */,
			);
			buildRules = (
			);
			dependencies = (
				FFA73E5624F42BE9001B9545 /* PBXTargetDependency */,
			);
			name = "Bareksa TestTests";
			productName = "Bareksa TestTests";
			productReference = FFA73E5424F42BE9001B9545 /* Bareksa TestTests.xctest */;
			productType = "com.apple.product-type.bundle.unit-test";
		};
		FFA73E5E24F42BE9001B9545 /* Bareksa TestUITests */ = {
			isa = PBXNativeTarget;
			buildConfigurationList = FFA73E6E24F42BE9001B9545 /* Build configuration list for PBXNativeTarget "Bareksa TestUITests" */;
			buildPhases = (
				FFA73E5B24F42BE9001B9545 /* Sources */,
				FFA73E5C24F42BE9001B9545 /* Frameworks */,
				FFA73E5D24F42BE9001B9545 /* Resources */,
			);
			buildRules = (
			);
			dependencies = (
				FFA73E6124F42BE9001B9545 /* PBXTargetDependency */,
			);
			name = "Bareksa TestUITests";
			productName = "Bareksa TestUITests";
			productReference = FFA73E5F24F42BE9001B9545 /* Bareksa TestUITests.xctest */;
			productType = "com.apple.product-type.bundle.ui-testing";
		};
/* End PBXNativeTarget section */

/* Begin PBXProject section */
		FFA73E3624F42BE7001B9545 /* Project object */ = {
			isa = PBXProject;
			attributes = {
				LastSwiftUpdateCheck = 1160;
				LastUpgradeCheck = 1160;
				ORGANIZATIONNAME = KodingKita;
				TargetAttributes = {
					FFA73E3D24F42BE7001B9545 = {
						CreatedOnToolsVersion = 11.6;
					};
					FFA73E5324F42BE9001B9545 = {
						CreatedOnToolsVersion = 11.6;
						TestTargetID = FFA73E3D24F42BE7001B9545;
					};
					FFA73E5E24F42BE9001B9545 = {
						CreatedOnToolsVersion = 11.6;
						TestTargetID = FFA73E3D24F42BE7001B9545;
					};
				};
			};
			buildConfigurationList = FFA73E3924F42BE7001B9545 /* Build configuration list for PBXProject "Bareksa Test" */;
			compatibilityVersion = "Xcode 9.3";
			developmentRegion = en;
			hasScannedForEncodings = 0;
			knownRegions = (
				en,
				Base,
			);
			mainGroup = FFA73E3524F42BE7001B9545;
			productRefGroup = FFA73E3F24F42BE7001B9545 /* Products */;
			projectDirPath = "";
			projectRoot = "";
			targets = (
				FFA73E3D24F42BE7001B9545 /* Bareksa Test */,
				FFA73E5324F42BE9001B9545 /* Bareksa TestTests */,
				FFA73E5E24F42BE9001B9545 /* Bareksa TestUITests */,
			);
		};
/* End PBXProject section */

/* Begin PBXResourcesBuildPhase section */
		FFA73E3C24F42BE7001B9545 /* Resources */ = {
			isa = PBXResourcesBuildPhase;
			buildActionMask = 2147483647;
			files = (
				FFA73E4E24F42BE8001B9545 /* LaunchScreen.storyboard in Resources */,
				FFA73E4B24F42BE8001B9545 /* Assets.xcassets in Resources */,
				FFA73E4924F42BE7001B9545 /* Main.storyboard in Resources */,
			);
			runOnlyForDeploymentPostprocessing = 0;
		};
		FFA73E5224F42BE9001B9545 /* Resources */ = {
			isa = PBXResourcesBuildPhase;
			buildActionMask = 2147483647;
			files = (
			);
			runOnlyForDeploymentPostprocessing = 0;
		};
		FFA73E5D24F42BE9001B9545 /* Resources */ = {
			isa = PBXResourcesBuildPhase;
			buildActionMask = 2147483647;
			files = (
			);
			runOnlyForDeploymentPostprocessing = 0;
		};
/* End PBXResourcesBuildPhase section */

/* Begin PBXSourcesBuildPhase section */
		FFA73E3A24F42BE7001B9545 /* Sources */ = {
			isa = PBXSourcesBuildPhase;
			buildActionMask = 2147483647;
			files = (
				FFA73E4624F42BE7001B9545 /* ViewController.swift in Sources */,
				FFA73E4224F42BE7001B9545 /* AppDelegate.swift in Sources */,
				FFA73E4424F42BE7001B9545 /* SceneDelegate.swift in Sources */,
			);
			runOnlyForDeploymentPostprocessing = 0;
		};
		FFA73E5024F42BE9001B9545 /* Sources */ = {
			isa = PBXSourcesBuildPhase;
			buildActionMask = 2147483647;
			files = (
				FFA73E5924F42BE9001B9545 /* Bareksa_TestTests.swift in Sources */,
			);
			runOnlyForDeploymentPostprocessing = 0;
		};
		FFA73E5B24F42BE9001B9545 /* Sources */ = {
			isa = PBXSourcesBuildPhase;
			buildActionMask = 2147483647;
			files = (
				FFA73E6424F42BE9001B9545 /* Bareksa_TestUITests.swift in Sources */,
			);
			runOnlyForDeploymentPostprocessing = 0;
		};
/* End PBXSourcesBuildPhase section */

/* Begin PBXTargetDependency section */
		FFA73E5624F42BE9001B9545 /* PBXTargetDependency */ = {
			isa = PBXTargetDependency;
			target = FFA73E3D24F42BE7001B9545 /* Bareksa Test */;
			targetProxy = FFA73E5524F42BE9001B9545 /* PBXContainerItemProxy */;
		};
		FFA73E6124F42BE9001B9545 /* PBXTargetDependency */ = {
			isa = PBXTargetDependency;
			target = FFA73E3D24F42BE7001B9545 /* Bareksa Test */;
			targetProxy = FFA73E6024F42BE9001B9545 /* PBXContainerItemProxy */;
		};
/* End PBXTargetDependency section */

/* Begin PBXVariantGroup section */
		FFA73E4724F42BE7001B9545 /* Main.storyboard */ = {
			isa = PBXVariantGroup;
			children = (
				FFA73E4824F42BE7001B9545 /* Base */,
			);
			name = Main.storyboard;
			sourceTree = "<group>";
		};
		FFA73E4C24F42BE8001B9545 /* LaunchScreen.storyboard */ = {
			isa = PBXVariantGroup;
			children = (
				FFA73E4D24F42BE8001B9545 /* Base */,
			);
			name = LaunchScreen.storyboard;
			sourceTree = "<group>";
		};
/* End PBXVariantGroup section */

/* Begin XCBuildConfiguration section */
		FFA73E6624F42BE9001B9545 /* Debug */ = {
			isa = XCBuildConfiguration;
			buildSettings = {
				ALWAYS_SEARCH_USER_PATHS = NO;
				CLANG_ANALYZER_NONNULL = YES;
				CLANG_ANALYZER_NUMBER_OBJECT_CONVERSION = YES_AGGRESSIVE;
				CLANG_CXX_LANGUAGE_STANDARD = "gnu++14";
				CLANG_CXX_LIBRARY = "libc++";
				CLANG_ENABLE_MODULES = YES;
				CLANG_ENABLE_OBJC_ARC = YES;
				CLANG_ENABLE_OBJC_WEAK = YES;
				CLANG_WARN_BLOCK_CAPTURE_AUTORELEASING = YES;
				CLANG_WARN_BOOL_CONVERSION = YES;
				CLANG_WARN_COMMA = YES;
				CLANG_WARN_CONSTANT_CONVERSION = YES;
				CLANG_WARN_DEPRECATED_OBJC_IMPLEMENTATIONS = YES;
				CLANG_WARN_DIRECT_OBJC_ISA_USAGE = YES_ERROR;
				CLANG_WARN_DOCUMENTATION_COMMENTS = YES;
				CLANG_WARN_EMPTY_BODY = YES;
				CLANG_WARN_ENUM_CONVERSION = YES;
				CLANG_WARN_INFINITE_RECURSION = YES;
				CLANG_WARN_INT_CONVERSION = YES;
				CLANG_WARN_NON_LITERAL_NULL_CONVERSION = YES;
				CLANG_WARN_OBJC_IMPLICIT_RETAIN_SELF = YES;
				CLANG_WARN_OBJC_LITERAL_CONVERSION = YES;
				CLANG_WARN_OBJC_ROOT_CLASS = YES_ERROR;
				CLANG_WARN_RANGE_LOOP_ANALYSIS = YES;
				CLANG_WARN_STRICT_PROTOTYPES = YES;
				CLANG_WARN_SUSPICIOUS_MOVE = YES;
				CLANG_WARN_UNGUARDED_AVAILABILITY = YES_AGGRESSIVE;
				CLANG_WARN_UNREACHABLE_CODE = YES;
				CLANG_WARN__DUPLICATE_METHOD_MATCH = YES;
				COPY_PHASE_STRIP = NO;
				DEBUG_INFORMATION_FORMAT = dwarf;
				ENABLE_STRICT_OBJC_MSGSEND = YES;
				ENABLE_TESTABILITY = YES;
				GCC_C_LANGUAGE_STANDARD = gnu11;
				GCC_DYNAMIC_NO_PIC = NO;
				GCC_NO_COMMON_BLOCKS = YES;
				GCC_OPTIMIZATION_LEVEL = 0;
				GCC_PREPROCESSOR_DEFINITIONS = (
					"DEBUG=1",
					"$(inherited)",
				);
				GCC_WARN_64_TO_32_BIT_CONVERSION = YES;
				GCC_WARN_ABOUT_RETURN_TYPE = YES_ERROR;
				GCC_WARN_UNDECLARED_SELECTOR = YES;
				GCC_WARN_UNINITIALIZED_AUTOS = YES_AGGRESSIVE;
				GCC_WARN_UNUSED_FUNCTION = YES;
				GCC_WARN_UNUSED_VARIABLE = YES;
				IPHONEOS_DEPLOYMENT_TARGET = 13.6;
				MTL_ENABLE_DEBUG_INFO = INCLUDE_SOURCE;
				MTL_FAST_MATH = YES;
				ONLY_ACTIVE_ARCH = YES;
				SDKROOT = iphoneos;
				SWIFT_ACTIVE_COMPILATION_CONDITIONS = DEBUG;
				SWIFT_OPTIMIZATION_LEVEL = "-Onone";
			};
			name = Debug;
		};
		FFA73E6724F42BE9001B9545 /* Release */ = {
			isa = XCBuildConfiguration;
			buildSettings = {
				ALWAYS_SEARCH_USER_PATHS = NO;
				CLANG_ANALYZER_NONNULL = YES;
				CLANG_ANALYZER_NUMBER_OBJECT_CONVERSION = YES_AGGRESSIVE;
				CLANG_CXX_LANGUAGE_STANDARD = "gnu++14";
				CLANG_CXX_LIBRARY = "libc++";
				CLANG_ENABLE_MODULES = YES;
				CLANG_ENABLE_OBJC_ARC = YES;
				CLANG_ENABLE_OBJC_WEAK = YES;
				CLANG_WARN_BLOCK_CAPTURE_AUTORELEASING = YES;
				CLANG_WARN_BOOL_CONVERSION = YES;
				CLANG_WARN_COMMA = YES;
				CLANG_WARN_CONSTANT_CONVERSION = YES;
				CLANG_WARN_DEPRECATED_OBJC_IMPLEMENTATIONS = YES;
				CLANG_WARN_DIRECT_OBJC_ISA_USAGE = YES_ERROR;
				CLANG_WARN_DOCUMENTATION_COMMENTS = YES;
				CLANG_WARN_EMPTY_BODY = YES;
				CLANG_WARN_ENUM_CONVERSION = YES;
				CLANG_WARN_INFINITE_RECURSION = YES;
				CLANG_WARN_INT_CONVERSION = YES;
				CLANG_WARN_NON_LITERAL_NULL_CONVERSION = YES;
				CLANG_WARN_OBJC_IMPLICIT_RETAIN_SELF = YES;
				CLANG_WARN_OBJC_LITERAL_CONVERSION = YES;
				CLANG_WARN_OBJC_ROOT_CLASS = YES_ERROR;
				CLANG_WARN_RANGE_LOOP_ANALYSIS = YES;
				CLANG_WARN_STRICT_PROTOTYPES = YES;
				CLANG_WARN_SUSPICIOUS_MOVE = YES;
				CLANG_WARN_UNGUARDED_AVAILABILITY = YES_AGGRESSIVE;
				CLANG_WARN_UNREACHABLE_CODE = YES;
				CLANG_WARN__DUPLICATE_METHOD_MATCH = YES;
				COPY_PHASE_STRIP = NO;
				DEBUG_INFORMATION_FORMAT = "dwarf-with-dsym";
				ENABLE_NS_ASSERTIONS = NO;
				ENABLE_STRICT_OBJC_MSGSEND = YES;
				GCC_C_LANGUAGE_STANDARD = gnu11;
				GCC_NO_COMMON_BLOCKS = YES;
				GCC_WARN_64_TO_32_BIT_CONVERSION = YES;
				GCC_WARN_ABOUT_RETURN_TYPE = YES_ERROR;
				GCC_WARN_UNDECLARED_SELECTOR = YES;
				GCC_WARN_UNINITIALIZED_AUTOS = YES_AGGRESSIVE;
				GCC_WARN_UNUSED_FUNCTION = YES;
				GCC_WARN_UNUSED_VARIABLE = YES;
				IPHONEOS_DEPLOYMENT_TARGET = 13.6;
				MTL_ENABLE_DEBUG_INFO = NO;
				MTL_FAST_MATH = YES;
				SDKROOT = iphoneos;
				SWIFT_COMPILATION_MODE = wholemodule;
				SWIFT_OPTIMIZATION_LEVEL = "-O";
				VALIDATE_PRODUCT = YES;
			};
			name = Release;
		};
		FFA73E6924F42BE9001B9545 /* Debug */ = {
			isa = XCBuildConfiguration;
			buildSettings = {
				ASSETCATALOG_COMPILER_APPICON_NAME = AppIcon;
				CODE_SIGN_STYLE = Automatic;
				DEVELOPMENT_TEAM = L4A72M4SRA;
				INFOPLIST_FILE = "Bareksa Test/Info.plist";
				LD_RUNPATH_SEARCH_PATHS = (
					"$(inherited)",
					"@executable_path/Frameworks",
				);
				PRODUCT_BUNDLE_IDENTIFIER = "id.kodingkita.bareksatest.ios.Bareksa-Test";
				PRODUCT_NAME = "$(TARGET_NAME)";
				SWIFT_VERSION = 5.0;
				TARGETED_DEVICE_FAMILY = "1,2";
			};
			name = Debug;
		};
		FFA73E6A24F42BE9001B9545 /* Release */ = {
			isa = XCBuildConfiguration;
			buildSettings = {
				ASSETCATALOG_COMPILER_APPICON_NAME = AppIcon;
				CODE_SIGN_STYLE = Automatic;
				DEVELOPMENT_TEAM = L4A72M4SRA;
				INFOPLIST_FILE = "Bareksa Test/Info.plist";
				LD_RUNPATH_SEARCH_PATHS = (
					"$(inherited)",
					"@executable_path/Frameworks",
				);
				PRODUCT_BUNDLE_IDENTIFIER = "id.kodingkita.bareksatest.ios.Bareksa-Test";
				PRODUCT_NAME = "$(TARGET_NAME)";
				SWIFT_VERSION = 5.0;
				TARGETED_DEVICE_FAMILY = "1,2";
			};
			name = Release;
		};
		FFA73E6C24F42BE9001B9545 /* Debug */ = {
			isa = XCBuildConfiguration;
			buildSettings = {
				ALWAYS_EMBED_SWIFT_STANDARD_LIBRARIES = YES;
				BUNDLE_LOADER = "$(TEST_HOST)";
				CODE_SIGN_STYLE = Automatic;
				DEVELOPMENT_TEAM = L4A72M4SRA;
				INFOPLIST_FILE = "Bareksa TestTests/Info.plist";
				IPHONEOS_DEPLOYMENT_TARGET = 13.6;
				LD_RUNPATH_SEARCH_PATHS = (
					"$(inherited)",
					"@executable_path/Frameworks",
					"@loader_path/Frameworks",
				);
				PRODUCT_BUNDLE_IDENTIFIER = "id.kodingkita.bareksatest.ios.Bareksa-TestTests";
				PRODUCT_NAME = "$(TARGET_NAME)";
				SWIFT_VERSION = 5.0;
				TARGETED_DEVICE_FAMILY = "1,2";
				TEST_HOST = "$(BUILT_PRODUCTS_DIR)/Bareksa Test.app/Bareksa Test";
			};
			name = Debug;
		};
		FFA73E6D24F42BE9001B9545 /* Release */ = {
			isa = XCBuildConfiguration;
			buildSettings = {
				ALWAYS_EMBED_SWIFT_STANDARD_LIBRARIES = YES;
				BUNDLE_LOADER = "$(TEST_HOST)";
				CODE_SIGN_STYLE = Automatic;
				DEVELOPMENT_TEAM = L4A72M4SRA;
				INFOPLIST_FILE = "Bareksa TestTests/Info.plist";
				IPHONEOS_DEPLOYMENT_TARGET = 13.6;
				LD_RUNPATH_SEARCH_PATHS = (
					"$(inherited)",
					"@executable_path/Frameworks",
					"@loader_path/Frameworks",
				);
				PRODUCT_BUNDLE_IDENTIFIER = "id.kodingkita.bareksatest.ios.Bareksa-TestTests";
				PRODUCT_NAME = "$(TARGET_NAME)";
				SWIFT_VERSION = 5.0;
				TARGETED_DEVICE_FAMILY = "1,2";
				TEST_HOST = "$(BUILT_PRODUCTS_DIR)/Bareksa Test.app/Bareksa Test";
			};
			name = Release;
		};
		FFA73E6F24F42BE9001B9545 /* Debug */ = {
			isa = XCBuildConfiguration;
			buildSettings = {
				ALWAYS_EMBED_SWIFT_STANDARD_LIBRARIES = YES;
				CODE_SIGN_STYLE = Automatic;
				DEVELOPMENT_TEAM = L4A72M4SRA;
				INFOPLIST_FILE = "Bareksa TestUITests/Info.plist";
				LD_RUNPATH_SEARCH_PATHS = (
					"$(inherited)",
					"@executable_path/Frameworks",
					"@loader_path/Frameworks",
				);
				PRODUCT_BUNDLE_IDENTIFIER = "id.kodingkita.bareksatest.ios.Bareksa-TestUITests";
				PRODUCT_NAME = "$(TARGET_NAME)";
				SWIFT_VERSION = 5.0;
				TARGETED_DEVICE_FAMILY = "1,2";
				TEST_TARGET_NAME = "Bareksa Test";
			};
			name = Debug;
		};
		FFA73E7024F42BE9001B9545 /* Release */ = {
			isa = XCBuildConfiguration;
			buildSettings = {
				ALWAYS_EMBED_SWIFT_STANDARD_LIBRARIES = YES;
				CODE_SIGN_STYLE = Automatic;
				DEVELOPMENT_TEAM = L4A72M4SRA;
				INFOPLIST_FILE = "Bareksa TestUITests/Info.plist";
				LD_RUNPATH_SEARCH_PATHS = (
					"$(inherited)",
					"@executable_path/Frameworks",
					"@loader_path/Frameworks",
				);
				PRODUCT_BUNDLE_IDENTIFIER = "id.kodingkita.bareksatest.ios.Bareksa-TestUITests";
				PRODUCT_NAME = "$(TARGET_NAME)";
				SWIFT_VERSION = 5.0;
				TARGETED_DEVICE_FAMILY = "1,2";
				TEST_TARGET_NAME = "Bareksa Test";
			};
			name = Release;
		};
/* End XCBuildConfiguration section */

/* Begin XCConfigurationList section */
		FFA73E3924F42BE7001B9545 /* Build configuration list for PBXProject "Bareksa Test" */ = {
			isa = XCConfigurationList;
			buildConfigurations = (
				FFA73E6624F42BE9001B9545 /* Debug */,
				FFA73E6724F42BE9001B9545 /* Release */,
			);
			defaultConfigurationIsVisible = 0;
			defaultConfigurationName = Release;
		};
		FFA73E6824F42BE9001B9545 /* Build configuration list for PBXNativeTarget "Bareksa Test" */ = {
			isa = XCConfigurationList;
			buildConfigurations = (
				FFA73E6924F42BE9001B9545 /* Debug */,
				FFA73E6A24F42BE9001B9545 /* Release */,
			);
			defaultConfigurationIsVisible = 0;
			defaultConfigurationName = Release;
		};
		FFA73E6B24F42BE9001B9545 /* Build configuration list for PBXNativeTarget "Bareksa TestTests" */ = {
			isa = XCConfigurationList;
			buildConfigurations = (
				FFA73E6C24F42BE9001B9545 /* Debug */,
				FFA73E6D24F42BE9001B9545 /* Release */,
			);
			defaultConfigurationIsVisible = 0;
			defaultConfigurationName = Release;
		};
		FFA73E6E24F42BE9001B9545 /* Build configuration list for PBXNativeTarget "Bareksa TestUITests" */ = {
			isa = XCConfigurationList;
			buildConfigurations = (
				FFA73E6F24F42BE9001B9545 /* Debug */,
				FFA73E7024F42BE9001B9545 /* Release */,
			);
			defaultConfigurationIsVisible = 0;
			defaultConfigurationName = Release;
		};
/* End XCConfigurationList section */
	};
	rootObject = FFA73E3624F42BE7001B9545 /* Project object */;
}
